
Microsoft Visual Studio Solution File, Format Version 12.00
Project("{FAE04EC0-301F-11D3-BF4B-00C04F79EFBC}") = "SoundHeaven", "SoundHeaven\SoundHeaven.csproj", "{C1762480-92C6-48B2-A5DA-F66783DA14ED}"
EndProject
Global
	GlobalSection(SolutionConfigurationPlatforms) = preSolution
		Debug|Any CPU = Debug|Any CPU
		Release|Any CPU = Release|Any CPU
	EndGlobalSection
	GlobalSection(ProjectConfigurationPlatforms) = postSolution
		{C1762480-92C6-48B2-A5DA-F66783DA14ED}.Debug|Any CPU.ActiveCfg = Debug|Any CPU
		{C1762480-92C6-48B2-A5DA-F66783DA14ED}.Debug|Any CPU.Build.0 = Debug|Any CPU
		{C1762480-92C6-48B2-A5DA-F66783DA14ED}.Release|Any CPU.ActiveCfg = Release|Any CPU
		{C1762480-92C6-48B2-A5DA-F66783DA14ED}.Release|Any CPU.Build.0 = Release|Any CPU
	EndGlobalSection
EndGlobal
